
Microsoft Visual Studio Solution File, Format Version 12.00
# Visual Studio Version 17
VisualStudioVersion = 17.8.34525.116
MinimumVisualStudioVersion = 10.0.40219.1
Project("{FAE04EC0-301F-11D3-BF4B-00C04F79EFBC}") = "EightQueens", "EightQueens\EightQueens.csproj", "{CC32F1C4-9EE9-4FD9-ABF3-66C6DAE1078A}"
EndProject
Global
	GlobalSection(SolutionConfigurationPlatforms) = preSolution
		Debug|Any CPU = Debug|Any CPU
		Release|Any CPU = Release|Any CPU
	EndGlobalSection
	GlobalSection(ProjectConfigurationPlatforms) = postSolution
		{CC32F1C4-9EE9-4FD9-ABF3-66C6DAE1078A}.Debug|Any CPU.ActiveCfg = Debug|Any CPU
		{CC32F1C4-9EE9-4FD9-ABF3-66C6DAE1078A}.Debug|Any CPU.Build.0 = Debug|Any CPU
		{CC32F1C4-9EE9-4FD9-ABF3-66C6DAE1078A}.Release|Any CPU.ActiveCfg = Release|Any CPU
		{CC32F1C4-9EE9-4FD9-ABF3-66C6DAE1078A}.Release|Any CPU.Build.0 = Release|Any CPU
	EndGlobalSection
	GlobalSection(SolutionProperties) = preSolution
		HideSolutionNode = FALSE
	EndGlobalSection
	GlobalSection(ExtensibilityGlobals) = postSolution
		SolutionGuid = {CB6EEBF1-70F9-4BE8-85C2-E4B45C7942C6}
	EndGlobalSection
EndGlobal
